// !$*UTF8*$!
{
	archiveVersion = 1;
	classes = {
	};
	objectVersion = 42;
	objects = {

/* Begin PBXFileReference section */
		0EC7CF9610DEC1CE00E241FD /* helloworld.nxc */ = {isa = PBXFileReference; explicitFileType = sourcecode.c; fileEncoding = 4; name = helloworld.nxc; path = source/helloworld.nxc; sourceTree = "<group>"; };
		5B19633909F4002D0041D50B /* Makefile */ = {isa = PBXFileReference; fileEncoding = 30; lastKnownFileType = sourcecode.make; path = Makefile; sourceTree = "<group>"; };
/* End PBXFileReference section */

/* Begin PBXGroup section */
		5BB3CD8309AA56AD00B01DCE = {
			isa = PBXGroup;
			children = (
				5B19633909F4002D0041D50B /* Makefile */,
				5BFFA2ED09AA5F57008DF6E9 /* build */,
				5BFFA2EC09AA5F4E008DF6E9 /* source */,
			);
			comments = "A sample Xcode project using a Makefile to compile NXC source code.";
			sourceTree = "<group>";
		};
		5BFFA2EC09AA5F4E008DF6E9 /* source */ = {
			isa = PBXGroup;
			children = (
				0EC7CF9610DEC1CE00E241FD /* helloworld.nxc */,
			);
			name = source;
			sourceTree = "<group>";
		};
		5BFFA2ED09AA5F57008DF6E9 /* build */ = {
			isa = PBXGroup;
			children = (
			);
			name = build;
			sourceTree = "<group>";
		};
/* End PBXGroup section */

/* Begin PBXLegacyTarget section */
		5BFFA23709AA57D9008DF6E9 /* Helloworld */ = {
			isa = PBXLegacyTarget;
			buildArgumentsString = "$(ACTION)";
			buildConfigurationList = 5BFFA23809AA5808008DF6E9 /* Build configuration list for PBXLegacyTarget "Helloworld" */;
			buildPhases = (
			);
			buildToolPath = /usr/bin/make;
			buildWorkingDirectory = "";
			dependencies = (
			);
			name = Helloworld;
			passBuildSettingsInEnvironment = 0;
			productName = Demo;
		};
/* End PBXLegacyTarget section */

/* Begin PBXProject section */
		5BB3CD8509AA56AD00B01DCE /* Project object */ = {
			isa = PBXProject;
			buildConfigurationList = 5BB3CD8609AA56AD00B01DCE /* Build configuration list for PBXProject "Helloworld" */;
			compatibilityVersion = "Xcode 2.4";
			hasScannedForEncodings = 0;
			mainGroup = 5BB3CD8309AA56AD00B01DCE;
			projectDirPath = "";
			projectRoot = "";
			targets = (
				5BFFA23709AA57D9008DF6E9 /* Helloworld */,
			);
		};
/* End PBXProject section */

/* Begin XCBuildConfiguration section */
		5BB3CD8809AA56AD00B01DCE /* Release */ = {
			isa = XCBuildConfiguration;
			buildSettings = {
			};
			name = Release;
		};
		5BFFA23A09AA5808008DF6E9 /* Release */ = {
			isa = XCBuildConfiguration;
			buildSettings = {
			};
			name = Release;
		};
/* End XCBuildConfiguration section */

/* Begin XCConfigurationList section */
		5BB3CD8609AA56AD00B01DCE /* Build configuration list for PBXProject "Helloworld" */ = {
			isa = XCConfigurationList;
			buildConfigurations = (
				5BB3CD8809AA56AD00B01DCE /* Release */,
			);
			defaultConfigurationIsVisible = 0;
			defaultConfigurationName = Release;
		};
		5BFFA23809AA5808008DF6E9 /* Build configuration list for PBXLegacyTarget "Helloworld" */ = {
			isa = XCConfigurationList;
			buildConfigurations = (
				5BFFA23A09AA5808008DF6E9 /* Release */,
			);
			defaultConfigurationIsVisible = 0;
			defaultConfigurationName = Release;
		};
/* End XCConfigurationList section */
	};
	rootObject = 5BB3CD8509AA56AD00B01DCE /* Project object */;
}
